// !$*UTF8*$!
{
	archiveVersion = 1;
	classes = {
	};
	objectVersion = 46;
	objects = {

/* Begin PBXBuildFile section */
		1523CD18C8E84C667979BB14 /* libPods-BirthdayProjectTests.a in Frameworks */ = {isa = PBXBuildFile; fileRef = 8F6947B9EBF9C9D4348F5CD4 /* libPods-BirthdayProjectTests.a */; };
		3C72EF811D6AD29B008E0FDB /* CoreText.framework in Frameworks */ = {isa = PBXBuildFile; fileRef = 3C72EF801D6AD29B008E0FDB /* CoreText.framework */; };
		3C72EF831D6AD2A6008E0FDB /* QuartzCore.framework in Frameworks */ = {isa = PBXBuildFile; fileRef = 3C72EF821D6AD2A6008E0FDB /* QuartzCore.framework */; };
		3C72EF871D6AD4EA008E0FDB /* 5448056_tu5974_21.jpg in Resources */ = {isa = PBXBuildFile; fileRef = 3C72EF851D6AD4EA008E0FDB /* 5448056_tu5974_21.jpg */; };
		3C72EF881D6AD4EA008E0FDB /* launch.jpg in Resources */ = {isa = PBXBuildFile; fileRef = 3C72EF861D6AD4EA008E0FDB /* launch.jpg */; };
		3C72EF991D6AED10008E0FDB /* DrawText.m in Sources */ = {isa = PBXBuildFile; fileRef = 3C72EF981D6AED10008E0FDB /* DrawText.m */; };
		3C72EF9C1D6AEE03008E0FDB /* UIBezierPath+ZJText.m in Sources */ = {isa = PBXBuildFile; fileRef = 3C72EF9B1D6AEE03008E0FDB /* UIBezierPath+ZJText.m */; };
		3C72EF9E1D6AF924008E0FDB /* audio_hanyu.mp3 in Resources */ = {isa = PBXBuildFile; fileRef = 3C72EF9D1D6AF924008E0FDB /* audio_hanyu.mp3 */; };
		95EB81FB0EED80FA5484AC97 /* libPods-BirthdayProject.a in Frameworks */ = {isa = PBXBuildFile; fileRef = F2B8FD5595707313A20D9772 /* libPods-BirthdayProject.a */; };
		AB0B02CE1D682F2C004B0F80 /* main.m in Sources */ = {isa = PBXBuildFile; fileRef = AB0B02CD1D682F2C004B0F80 /* main.m */; };
		AB0B02D11D682F2C004B0F80 /* AppDelegate.m in Sources */ = {isa = PBXBuildFile; fileRef = AB0B02D01D682F2C004B0F80 /* AppDelegate.m */; };
		AB0B02D41D682F2C004B0F80 /* ViewController.m in Sources */ = {isa = PBXBuildFile; fileRef = AB0B02D31D682F2C004B0F80 /* ViewController.m */; };
		AB0B02D71D682F2C004B0F80 /* Main.storyboard in Resources */ = {isa = PBXBuildFile; fileRef = AB0B02D51D682F2C004B0F80 /* Main.storyboard */; };
		AB0B02D91D682F2C004B0F80 /* Assets.xcassets in Resources */ = {isa = PBXBuildFile; fileRef = AB0B02D81D682F2C004B0F80 /* Assets.xcassets */; };
		AB0B02DC1D682F2C004B0F80 /* LaunchScreen.storyboard in Resources */ = {isa = PBXBuildFile; fileRef = AB0B02DA1D682F2C004B0F80 /* LaunchScreen.storyboard */; };
		AB0B02E71D682F2C004B0F80 /* BirthdayProjectTests.m in Sources */ = {isa = PBXBuildFile; fileRef = AB0B02E61D682F2C004B0F80 /* BirthdayProjectTests.m */; };
		AB0B02F21D682F2C004B0F80 /* BirthdayProjectUITests.m in Sources */ = {isa = PBXBuildFile; fileRef = AB0B02F11D682F2C004B0F80 /* BirthdayProjectUITests.m */; };
		AB0B03081D6831B8004B0F80 /* ZFAVAudioManager.m in Sources */ = {isa = PBXBuildFile; fileRef = AB0B03071D6831B8004B0F80 /* ZFAVAudioManager.m */; };
		EAC4944CDC6702F4B5C1361C /* libPods-BirthdayProjectUITests.a in Frameworks */ = {isa = PBXBuildFile; fileRef = C24D030EAC326BE8AF404B24 /* libPods-BirthdayProjectUITests.a */; };
/* End PBXBuildFile section */

/* Begin PBXContainerItemProxy section */
		AB0B02E31D682F2C004B0F80 /* PBXContainerItemProxy */ = {
			isa = PBXContainerItemProxy;
			containerPortal = AB0B02C11D682F2C004B0F80 /* Project object */;
			proxyType = 1;
			remoteGlobalIDString = AB0B02C81D682F2C004B0F80;
			remoteInfo = BirthdayProject;
		};
		AB0B02EE1D682F2C004B0F80 /* PBXContainerItemProxy */ = {
			isa = PBXContainerItemProxy;
			containerPortal = AB0B02C11D682F2C004B0F80 /* Project object */;
			proxyType = 1;
			remoteGlobalIDString = AB0B02C81D682F2C004B0F80;
			remoteInfo = BirthdayProject;
		};
/* End PBXContainerItemProxy section */

/* Begin PBXFileReference section */
		06DBF477572DB5BE86E02E2A /* Pods-BirthdayProjectTests.debug.xcconfig */ = {isa = PBXFileReference; includeInIndex = 1; lastKnownFileType = text.xcconfig; name = "Pods-BirthdayProjectTests.debug.xcconfig"; path = "Pods/Target Support Files/Pods-BirthdayProjectTests/Pods-BirthdayProjectTests.debug.xcconfig"; sourceTree = "<group>"; };
		093E5B7B1CDA33D2D9EC1323 /* Pods-BirthdayProject.debug.xcconfig */ = {isa = PBXFileReference; includeInIndex = 1; lastKnownFileType = text.xcconfig; name = "Pods-BirthdayProject.debug.xcconfig"; path = "Pods/Target Support Files/Pods-BirthdayProject/Pods-BirthdayProject.debug.xcconfig"; sourceTree = "<group>"; };
		284E8529D0088A455F079AD6 /* Pods-BirthdayProjectTests.release.xcconfig */ = {isa = PBXFileReference; includeInIndex = 1; lastKnownFileType = text.xcconfig; name = "Pods-BirthdayProjectTests.release.xcconfig"; path = "Pods/Target Support Files/Pods-BirthdayProjectTests/Pods-BirthdayProjectTests.release.xcconfig"; sourceTree = "<group>"; };
		3C72EF801D6AD29B008E0FDB /* CoreText.framework */ = {isa = PBXFileReference; lastKnownFileType = wrapper.framework; name = CoreText.framework; path = System/Library/Frameworks/CoreText.framework; sourceTree = SDKROOT; };
		3C72EF821D6AD2A6008E0FDB /* QuartzCore.framework */ = {isa = PBXFileReference; lastKnownFileType = wrapper.framework; name = QuartzCore.framework; path = System/Library/Frameworks/QuartzCore.framework; sourceTree = SDKROOT; };
		3C72EF851D6AD4EA008E0FDB /* 5448056_tu5974_21.jpg */ = {isa = PBXFileReference; lastKnownFileType = image.jpeg; path = 5448056_tu5974_21.jpg; sourceTree = "<group>"; };
		3C72EF861D6AD4EA008E0FDB /* launch.jpg */ = {isa = PBXFileReference; lastKnownFileType = image.jpeg; path = launch.jpg; sourceTree = "<group>"; };
		3C72EF971D6AED10008E0FDB /* DrawText.h */ = {isa = PBXFileReference; fileEncoding = 4; lastKnownFileType = sourcecode.c.h; path = DrawText.h; sourceTree = "<group>"; };
		3C72EF981D6AED10008E0FDB /* DrawText.m */ = {isa = PBXFileReference; fileEncoding = 4; lastKnownFileType = sourcecode.c.objc; path = DrawText.m; sourceTree = "<group>"; };
		3C72EF9A1D6AEE03008E0FDB /* UIBezierPath+ZJText.h */ = {isa = PBXFileReference; fileEncoding = 4; lastKnownFileType = sourcecode.c.h; path = "UIBezierPath+ZJText.h"; sourceTree = "<group>"; };
		3C72EF9B1D6AEE03008E0FDB /* UIBezierPath+ZJText.m */ = {isa = PBXFileReference; fileEncoding = 4; lastKnownFileType = sourcecode.c.objc; path = "UIBezierPath+ZJText.m"; sourceTree = "<group>"; };
		3C72EF9D1D6AF924008E0FDB /* audio_hanyu.mp3 */ = {isa = PBXFileReference; lastKnownFileType = audio.mp3; path = audio_hanyu.mp3; sourceTree = "<group>"; };
		8F6947B9EBF9C9D4348F5CD4 /* libPods-BirthdayProjectTests.a */ = {isa = PBXFileReference; explicitFileType = archive.ar; includeInIndex = 0; path = "libPods-BirthdayProjectTests.a"; sourceTree = BUILT_PRODUCTS_DIR; };
		AB0B02C91D682F2C004B0F80 /* BirthdayProject.app */ = {isa = PBXFileReference; explicitFileType = wrapper.application; includeInIndex = 0; path = BirthdayProject.app; sourceTree = BUILT_PRODUCTS_DIR; };
		AB0B02CD1D682F2C004B0F80 /* main.m */ = {isa = PBXFileReference; lastKnownFileType = sourcecode.c.objc; path = main.m; sourceTree = "<group>"; };
		AB0B02CF1D682F2C004B0F80 /* AppDelegate.h */ = {isa = PBXFileReference; lastKnownFileType = sourcecode.c.h; path = AppDelegate.h; sourceTree = "<group>"; };
		AB0B02D01D682F2C004B0F80 /* AppDelegate.m */ = {isa = PBXFileReference; lastKnownFileType = sourcecode.c.objc; path = AppDelegate.m; sourceTree = "<group>"; };
		AB0B02D21D682F2C004B0F80 /* ViewController.h */ = {isa = PBXFileReference; lastKnownFileType = sourcecode.c.h; path = ViewController.h; sourceTree = "<group>"; };
		AB0B02D31D682F2C004B0F80 /* ViewController.m */ = {isa = PBXFileReference; lastKnownFileType = sourcecode.c.objc; path = ViewController.m; sourceTree = "<group>"; };
		AB0B02D61D682F2C004B0F80 /* Base */ = {isa = PBXFileReference; lastKnownFileType = file.storyboard; name = Base; path = Base.lproj/Main.storyboard; sourceTree = "<group>"; };
		AB0B02D81D682F2C004B0F80 /* Assets.xcassets */ = {isa = PBXFileReference; lastKnownFileType = folder.assetcatalog; path = Assets.xcassets; sourceTree = "<group>"; };
		AB0B02DB1D682F2C004B0F80 /* Base */ = {isa = PBXFileReference; lastKnownFileType = file.storyboard; name = Base; path = Base.lproj/LaunchScreen.storyboard; sourceTree = "<group>"; };
		AB0B02DD1D682F2C004B0F80 /* Info.plist */ = {isa = PBXFileReference; lastKnownFileType = text.plist.xml; path = Info.plist; sourceTree = "<group>"; };
		AB0B02E21D682F2C004B0F80 /* BirthdayProjectTests.xctest */ = {isa = PBXFileReference; explicitFileType = wrapper.cfbundle; includeInIndex = 0; path = BirthdayProjectTests.xctest; sourceTree = BUILT_PRODUCTS_DIR; };
		AB0B02E61D682F2C004B0F80 /* BirthdayProjectTests.m */ = {isa = PBXFileReference; lastKnownFileType = sourcecode.c.objc; path = BirthdayProjectTests.m; sourceTree = "<group>"; };
		AB0B02E81D682F2C004B0F80 /* Info.plist */ = {isa = PBXFileReference; lastKnownFileType = text.plist.xml; path = Info.plist; sourceTree = "<group>"; };
		AB0B02ED1D682F2C004B0F80 /* BirthdayProjectUITests.xctest */ = {isa = PBXFileReference; explicitFileType = wrapper.cfbundle; includeInIndex = 0; path = BirthdayProjectUITests.xctest; sourceTree = BUILT_PRODUCTS_DIR; };
		AB0B02F11D682F2C004B0F80 /* BirthdayProjectUITests.m */ = {isa = PBXFileReference; lastKnownFileType = sourcecode.c.objc; path = BirthdayProjectUITests.m; sourceTree = "<group>"; };
		AB0B02F31D682F2C004B0F80 /* Info.plist */ = {isa = PBXFileReference; lastKnownFileType = text.plist.xml; path = Info.plist; sourceTree = "<group>"; };
		AB0B03061D6831B8004B0F80 /* ZFAVAudioManager.h */ = {isa = PBXFileReference; fileEncoding = 4; lastKnownFileType = sourcecode.c.h; path = ZFAVAudioManager.h; sourceTree = "<group>"; };
		AB0B03071D6831B8004B0F80 /* ZFAVAudioManager.m */ = {isa = PBXFileReference; fileEncoding = 4; lastKnownFileType = sourcecode.c.objc; path = ZFAVAudioManager.m; sourceTree = "<group>"; };
		B4DA22144E40CA69620E60B0 /* Pods-BirthdayProjectUITests.release.xcconfig */ = {isa = PBXFileReference; includeInIndex = 1; lastKnownFileType = text.xcconfig; name = "Pods-BirthdayProjectUITests.release.xcconfig"; path = "Pods/Target Support Files/Pods-BirthdayProjectUITests/Pods-BirthdayProjectUITests.release.xcconfig"; sourceTree = "<group>"; };
		C24D030EAC326BE8AF404B24 /* libPods-BirthdayProjectUITests.a */ = {isa = PBXFileReference; explicitFileType = archive.ar; includeInIndex = 0; path = "libPods-BirthdayProjectUITests.a"; sourceTree = BUILT_PRODUCTS_DIR; };
		D78BFD36A83AD5930B8FB979 /* Pods-BirthdayProject.release.xcconfig */ = {isa = PBXFileReference; includeInIndex = 1; lastKnownFileType = text.xcconfig; name = "Pods-BirthdayProject.release.xcconfig"; path = "Pods/Target Support Files/Pods-BirthdayProject/Pods-BirthdayProject.release.xcconfig"; sourceTree = "<group>"; };
		D9112FA013A8A318450B11A2 /* Pods-BirthdayProjectUITests.debug.xcconfig */ = {isa = PBXFileReference; includeInIndex = 1; lastKnownFileType = text.xcconfig; name = "Pods-BirthdayProjectUITests.debug.xcconfig"; path = "Pods/Target Support Files/Pods-BirthdayProjectUITests/Pods-BirthdayProjectUITests.debug.xcconfig"; sourceTree = "<group>"; };
		F2B8FD5595707313A20D9772 /* libPods-BirthdayProject.a */ = {isa = PBXFileReference; explicitFileType = archive.ar; includeInIndex = 0; path = "libPods-BirthdayProject.a"; sourceTree = BUILT_PRODUCTS_DIR; };
/* End PBXFileReference section */

/* Begin PBXFrameworksBuildPhase section */
		AB0B02C61D682F2C004B0F80 /* Frameworks */ = {
			isa = PBXFrameworksBuildPhase;
			buildActionMask = 2147483647;
			files = (
				3C72EF831D6AD2A6008E0FDB /* QuartzCore.framework in Frameworks */,
				3C72EF811D6AD29B008E0FDB /* CoreText.framework in Frameworks */,
				95EB81FB0EED80FA5484AC97 /* libPods-BirthdayProject.a in Frameworks */,
			);
			runOnlyForDeploymentPostprocessing = 0;
		};
		AB0B02DF1D682F2C004B0F80 /* Frameworks */ = {
			isa = PBXFrameworksBuildPhase;
			buildActionMask = 2147483647;
			files = (
				1523CD18C8E84C667979BB14 /* libPods-BirthdayProjectTests.a in Frameworks */,
			);
			runOnlyForDeploymentPostprocessing = 0;
		};
		AB0B02EA1D682F2C004B0F80 /* Frameworks */ = {
			isa = PBXFrameworksBuildPhase;
			buildActionMask = 2147483647;
			files = (
				EAC4944CDC6702F4B5C1361C /* libPods-BirthdayProjectUITests.a in Frameworks */,
			);
			runOnlyForDeploymentPostprocessing = 0;
		};
/* End PBXFrameworksBuildPhase section */

/* Begin PBXGroup section */
		3C72EF841D6AD4D5008E0FDB /* Image */ = {
			isa = PBXGroup;
			children = (
				3C72EF9D1D6AF924008E0FDB /* audio_hanyu.mp3 */,
				3C72EF851D6AD4EA008E0FDB /* 5448056_tu5974_21.jpg */,
				3C72EF861D6AD4EA008E0FDB /* launch.jpg */,
			);
			path = Image;
			sourceTree = "<group>";
		};
		3C72EF961D6AECE4008E0FDB /* TextAnimation */ = {
			isa = PBXGroup;
			children = (
				3C72EF9A1D6AEE03008E0FDB /* UIBezierPath+ZJText.h */,
				3C72EF9B1D6AEE03008E0FDB /* UIBezierPath+ZJText.m */,
				3C72EF971D6AED10008E0FDB /* DrawText.h */,
				3C72EF981D6AED10008E0FDB /* DrawText.m */,
			);
			path = TextAnimation;
			sourceTree = "<group>";
		};
		8F429E942AD324C3CA9987B5 /* Frameworks */ = {
			isa = PBXGroup;
			children = (
				3C72EF821D6AD2A6008E0FDB /* QuartzCore.framework */,
				3C72EF801D6AD29B008E0FDB /* CoreText.framework */,
				F2B8FD5595707313A20D9772 /* libPods-BirthdayProject.a */,
				8F6947B9EBF9C9D4348F5CD4 /* libPods-BirthdayProjectTests.a */,
				C24D030EAC326BE8AF404B24 /* libPods-BirthdayProjectUITests.a */,
			);
			name = Frameworks;
			sourceTree = "<group>";
		};
		961B26A54F318F8B089F35BE /* Pods */ = {
			isa = PBXGroup;
			children = (
				093E5B7B1CDA33D2D9EC1323 /* Pods-BirthdayProject.debug.xcconfig */,
				D78BFD36A83AD5930B8FB979 /* Pods-BirthdayProject.release.xcconfig */,
				06DBF477572DB5BE86E02E2A /* Pods-BirthdayProjectTests.debug.xcconfig */,
				284E8529D0088A455F079AD6 /* Pods-BirthdayProjectTests.release.xcconfig */,
				D9112FA013A8A318450B11A2 /* Pods-BirthdayProjectUITests.debug.xcconfig */,
				B4DA22144E40CA69620E60B0 /* Pods-BirthdayProjectUITests.release.xcconfig */,
			);
			name = Pods;
			sourceTree = "<group>";
		};
		AB0B02C01D682F2C004B0F80 = {
			isa = PBXGroup;
			children = (
				AB0B02CB1D682F2C004B0F80 /* BirthdayProject */,
				AB0B02E51D682F2C004B0F80 /* BirthdayProjectTests */,
				AB0B02F01D682F2C004B0F80 /* BirthdayProjectUITests */,
				AB0B02CA1D682F2C004B0F80 /* Products */,
				961B26A54F318F8B089F35BE /* Pods */,
				8F429E942AD324C3CA9987B5 /* Frameworks */,
			);
			sourceTree = "<group>";
		};
		AB0B02CA1D682F2C004B0F80 /* Products */ = {
			isa = PBXGroup;
			children = (
				AB0B02C91D682F2C004B0F80 /* BirthdayProject.app */,
				AB0B02E21D682F2C004B0F80 /* BirthdayProjectTests.xctest */,
				AB0B02ED1D682F2C004B0F80 /* BirthdayProjectUITests.xctest */,
			);
			name = Products;
			sourceTree = "<group>";
		};
		AB0B02CB1D682F2C004B0F80 /* BirthdayProject */ = {
			isa = PBXGroup;
			children = (
				3C72EF961D6AECE4008E0FDB /* TextAnimation */,
				3C72EF841D6AD4D5008E0FDB /* Image */,
				AB0B03051D68311E004B0F80 /* AVFoundation */,
				AB0B02CF1D682F2C004B0F80 /* AppDelegate.h */,
				AB0B02D01D682F2C004B0F80 /* AppDelegate.m */,
				AB0B02D21D682F2C004B0F80 /* ViewController.h */,
				AB0B02D31D682F2C004B0F80 /* ViewController.m */,
				AB0B02D51D682F2C004B0F80 /* Main.storyboard */,
				AB0B02D81D682F2C004B0F80 /* Assets.xcassets */,
				AB0B02DA1D682F2C004B0F80 /* LaunchScreen.storyboard */,
				AB0B02DD1D682F2C004B0F80 /* Info.plist */,
				AB0B02CC1D682F2C004B0F80 /* Supporting Files */,
			);
			path = BirthdayProject;
			sourceTree = "<group>";
		};
		AB0B02CC1D682F2C004B0F80 /* Supporting Files */ = {
			isa = PBXGroup;
			children = (
				AB0B02CD1D682F2C004B0F80 /* main.m */,
			);
			name = "Supporting Files";
			sourceTree = "<group>";
		};
		AB0B02E51D682F2C004B0F80 /* BirthdayProjectTests */ = {
			isa = PBXGroup;
			children = (
				AB0B02E61D682F2C004B0F80 /* BirthdayProjectTests.m */,
				AB0B02E81D682F2C004B0F80 /* Info.plist */,
			);
			path = BirthdayProjectTests;
			sourceTree = "<group>";
		};
		AB0B02F01D682F2C004B0F80 /* BirthdayProjectUITests */ = {
			isa = PBXGroup;
			children = (
				AB0B02F11D682F2C004B0F80 /* BirthdayProjectUITests.m */,
				AB0B02F31D682F2C004B0F80 /* Info.plist */,
			);
			path = BirthdayProjectUITests;
			sourceTree = "<group>";
		};
		AB0B03051D68311E004B0F80 /* AVFoundation */ = {
			isa = PBXGroup;
			children = (
				AB0B03061D6831B8004B0F80 /* ZFAVAudioManager.h */,
				AB0B03071D6831B8004B0F80 /* ZFAVAudioManager.m */,
			);
			path = AVFoundation;
			sourceTree = "<group>";
		};
/* End PBXGroup section */

/* Begin PBXNativeTarget section */
		AB0B02C81D682F2C004B0F80 /* BirthdayProject */ = {
			isa = PBXNativeTarget;
			buildConfigurationList = AB0B02F61D682F2C004B0F80 /* Build configuration list for PBXNativeTarget "BirthdayProject" */;
			buildPhases = (
				5C619C1EF91302BD3116206D /* [CP] Check Pods Manifest.lock */,
				AB0B02C51D682F2C004B0F80 /* Sources */,
				AB0B02C61D682F2C004B0F80 /* Frameworks */,
				AB0B02C71D682F2C004B0F80 /* Resources */,
				832ABB5D5EF572215228978D /* [CP] Embed Pods Frameworks */,
				C2424E161ED16C3D96525F45 /* [CP] Copy Pods Resources */,
			);
			buildRules = (
			);
			dependencies = (
			);
			name = BirthdayProject;
			productName = BirthdayProject;
			productReference = AB0B02C91D682F2C004B0F80 /* BirthdayProject.app */;
			productType = "com.apple.product-type.application";
		};
		AB0B02E11D682F2C004B0F80 /* BirthdayProjectTests */ = {
			isa = PBXNativeTarget;
			buildConfigurationList = AB0B02F91D682F2C004B0F80 /* Build configuration list for PBXNativeTarget "BirthdayProjectTests" */;
			buildPhases = (
				D9D854D3FE83715230A28888 /* [CP] Check Pods Manifest.lock */,
				AB0B02DE1D682F2C004B0F80 /* Sources */,
				AB0B02DF1D682F2C004B0F80 /* Frameworks */,
				AB0B02E01D682F2C004B0F80 /* Resources */,
				F84127A839221D57A0B5AD98 /* [CP] Embed Pods Frameworks */,
				3341B69D178AD7EB30F2C190 /* [CP] Copy Pods Resources */,
			);
			buildRules = (
			);
			dependencies = (
				AB0B02E41D682F2C004B0F80 /* PBXTargetDependency */,
			);
			name = BirthdayProjectTests;
			productName = BirthdayProjectTests;
			productReference = AB0B02E21D682F2C004B0F80 /* BirthdayProjectTests.xctest */;
			productType = "com.apple.product-type.bundle.unit-test";
		};
		AB0B02EC1D682F2C004B0F80 /* BirthdayProjectUITests */ = {
			isa = PBXNativeTarget;
			buildConfigurationList = AB0B02FC1D682F2C004B0F80 /* Build configuration list for PBXNativeTarget "BirthdayProjectUITests" */;
			buildPhases = (
				C67D341C4FD249F4CA116695 /* [CP] Check Pods Manifest.lock */,
				AB0B02E91D682F2C004B0F80 /* Sources */,
				AB0B02EA1D682F2C004B0F80 /* Frameworks */,
				AB0B02EB1D682F2C004B0F80 /* Resources */,
				5E75378CC6DBB03ED4C277BD /* [CP] Copy Pods Resources */,
			);
			buildRules = (
			);
			dependencies = (
				AB0B02EF1D682F2C004B0F80 /* PBXTargetDependency */,
			);
			name = BirthdayProjectUITests;
			productName = BirthdayProjectUITests;
			productReference = AB0B02ED1D682F2C004B0F80 /* BirthdayProjectUITests.xctest */;
			productType = "com.apple.product-type.bundle.ui-testing";
		};
/* End PBXNativeTarget section */

/* Begin PBXProject section */
		AB0B02C11D682F2C004B0F80 /* Project object */ = {
			isa = PBXProject;
			attributes = {
				LastUpgradeCheck = 0730;
				ORGANIZATIONNAME = zf;
				TargetAttributes = {
					AB0B02C81D682F2C004B0F80 = {
						CreatedOnToolsVersion = 7.3.1;
					};
					AB0B02E11D682F2C004B0F80 = {
						CreatedOnToolsVersion = 7.3.1;
						TestTargetID = AB0B02C81D682F2C004B0F80;
					};
					AB0B02EC1D682F2C004B0F80 = {
						CreatedOnToolsVersion = 7.3.1;
						TestTargetID = AB0B02C81D682F2C004B0F80;
					};
				};
			};
			buildConfigurationList = AB0B02C41D682F2C004B0F80 /* Build configuration list for PBXProject "BirthdayProject" */;
			compatibilityVersion = "Xcode 3.2";
			developmentRegion = English;
			hasScannedForEncodings = 0;
			knownRegions = (
				en,
				Base,
			);
			mainGroup = AB0B02C01D682F2C004B0F80;
			productRefGroup = AB0B02CA1D682F2C004B0F80 /* Products */;
			projectDirPath = "";
			projectRoot = "";
			targets = (
				AB0B02C81D682F2C004B0F80 /* BirthdayProject */,
				AB0B02E11D682F2C004B0F80 /* BirthdayProjectTests */,
				AB0B02EC1D682F2C004B0F80 /* BirthdayProjectUITests */,
			);
		};
/* End PBXProject section */

/* Begin PBXResourcesBuildPhase section */
		AB0B02C71D682F2C004B0F80 /* Resources */ = {
			isa = PBXResourcesBuildPhase;
			buildActionMask = 2147483647;
			files = (
				AB0B02DC1D682F2C004B0F80 /* LaunchScreen.storyboard in Resources */,
				3C72EF881D6AD4EA008E0FDB /* launch.jpg in Resources */,
				AB0B02D91D682F2C004B0F80 /* Assets.xcassets in Resources */,
				3C72EF9E1D6AF924008E0FDB /* audio_hanyu.mp3 in Resources */,
				AB0B02D71D682F2C004B0F80 /* Main.storyboard in Resources */,
				3C72EF871D6AD4EA008E0FDB /* 5448056_tu5974_21.jpg in Resources */,
			);
			runOnlyForDeploymentPostprocessing = 0;
		};
		AB0B02E01D682F2C004B0F80 /* Resources */ = {
			isa = PBXResourcesBuildPhase;
			buildActionMask = 2147483647;
			files = (
			);
			runOnlyForDeploymentPostprocessing = 0;
		};
		AB0B02EB1D682F2C004B0F80 /* Resources */ = {
			isa = PBXResourcesBuildPhase;
			buildActionMask = 2147483647;
			files = (
			);
			runOnlyForDeploymentPostprocessing = 0;
		};
/* End PBXResourcesBuildPhase section */

/* Begin PBXShellScriptBuildPhase section */
		3341B69D178AD7EB30F2C190 /* [CP] Copy Pods Resources */ = {
			isa = PBXShellScriptBuildPhase;
			buildActionMask = 2147483647;
			files = (
			);
			inputPaths = (
			);
			name = "[CP] Copy Pods Resources";
			outputPaths = (
			);
			runOnlyForDeploymentPostprocessing = 0;
			shellPath = /bin/sh;
			shellScript = "\"${SRCROOT}/Pods/Target Support Files/Pods-BirthdayProjectTests/Pods-BirthdayProjectTests-resources.sh\"\n";
			showEnvVarsInLog = 0;
		};
		5C619C1EF91302BD3116206D /* [CP] Check Pods Manifest.lock */ = {
			isa = PBXShellScriptBuildPhase;
			buildActionMask = 2147483647;
			files = (
			);
			inputPaths = (
			);
			name = "[CP] Check Pods Manifest.lock";
			outputPaths = (
			);
			runOnlyForDeploymentPostprocessing = 0;
			shellPath = /bin/sh;
			shellScript = "diff \"${PODS_ROOT}/../Podfile.lock\" \"${PODS_ROOT}/Manifest.lock\" > /dev/null\nif [[ $? != 0 ]] ; then\n    cat << EOM\nerror: The sandbox is not in sync with the Podfile.lock. Run 'pod install' or update your CocoaPods installation.\nEOM\n    exit 1\nfi\n";
			showEnvVarsInLog = 0;
		};
		5E75378CC6DBB03ED4C277BD /* [CP] Copy Pods Resources */ = {
			isa = PBXShellScriptBuildPhase;
			buildActionMask = 2147483647;
			files = (
			);
			inputPaths = (
			);
			name = "[CP] Copy Pods Resources";
			outputPaths = (
			);
			runOnlyForDeploymentPostprocessing = 0;
			shellPath = /bin/sh;
			shellScript = "\"${SRCROOT}/Pods/Target Support Files/Pods-BirthdayProjectUITests/Pods-BirthdayProjectUITests-resources.sh\"\n";
			showEnvVarsInLog = 0;
		};
		832ABB5D5EF572215228978D /* [CP] Embed Pods Frameworks */ = {
			isa = PBXShellScriptBuildPhase;
			buildActionMask = 2147483647;
			files = (
			);
			inputPaths = (
			);
			name = "[CP] Embed Pods Frameworks";
			outputPaths = (
			);
			runOnlyForDeploymentPostprocessing = 0;
			shellPath = /bin/sh;
			shellScript = "\"${SRCROOT}/Pods/Target Support Files/Pods-BirthdayProject/Pods-BirthdayProject-frameworks.sh\"\n";
			showEnvVarsInLog = 0;
		};
		C2424E161ED16C3D96525F45 /* [CP] Copy Pods Resources */ = {
			isa = PBXShellScriptBuildPhase;
			buildActionMask = 2147483647;
			files = (
			);
			inputPaths = (
			);
			name = "[CP] Copy Pods Resources";
			outputPaths = (
			);
			runOnlyForDeploymentPostprocessing = 0;
			shellPath = /bin/sh;
			shellScript = "\"${SRCROOT}/Pods/Target Support Files/Pods-BirthdayProject/Pods-BirthdayProject-resources.sh\"\n";
			showEnvVarsInLog = 0;
		};
		C67D341C4FD249F4CA116695 /* [CP] Check Pods Manifest.lock */ = {
			isa = PBXShellScriptBuildPhase;
			buildActionMask = 2147483647;
			files = (
			);
			inputPaths = (
			);
			name = "[CP] Check Pods Manifest.lock";
			outputPaths = (
			);
			runOnlyForDeploymentPostprocessing = 0;
			shellPath = /bin/sh;
			shellScript = "diff \"${PODS_ROOT}/../Podfile.lock\" \"${PODS_ROOT}/Manifest.lock\" > /dev/null\nif [[ $? != 0 ]] ; then\n    cat << EOM\nerror: The sandbox is not in sync with the Podfile.lock. Run 'pod install' or update your CocoaPods installation.\nEOM\n    exit 1\nfi\n";
			showEnvVarsInLog = 0;
		};
		D9D854D3FE83715230A28888 /* [CP] Check Pods Manifest.lock */ = {
			isa = PBXShellScriptBuildPhase;
			buildActionMask = 2147483647;
			files = (
			);
			inputPaths = (
			);
			name = "[CP] Check Pods Manifest.lock";
			outputPaths = (
			);
			runOnlyForDeploymentPostprocessing = 0;
			shellPath = /bin/sh;
			shellScript = "diff \"${PODS_ROOT}/../Podfile.lock\" \"${PODS_ROOT}/Manifest.lock\" > /dev/null\nif [[ $? != 0 ]] ; then\n    cat << EOM\nerror: The sandbox is not in sync with the Podfile.lock. Run 'pod install' or update your CocoaPods installation.\nEOM\n    exit 1\nfi\n";
			showEnvVarsInLog = 0;
		};
		F84127A839221D57A0B5AD98 /* [CP] Embed Pods Frameworks */ = {
			isa = PBXShellScriptBuildPhase;
			buildActionMask = 2147483647;
			files = (
			);
			inputPaths = (
			);
			name = "[CP] Embed Pods Frameworks";
			outputPaths = (
			);
			runOnlyForDeploymentPostprocessing = 0;
			shellPath = /bin/sh;
			shellScript = "\"${SRCROOT}/Pods/Target Support Files/Pods-BirthdayProjectTests/Pods-BirthdayProjectTests-frameworks.sh\"\n";
			showEnvVarsInLog = 0;
		};
/* End PBXShellScriptBuildPhase section */

/* Begin PBXSourcesBuildPhase section */
		AB0B02C51D682F2C004B0F80 /* Sources */ = {
			isa = PBXSourcesBuildPhase;
			buildActionMask = 2147483647;
			files = (
				3C72EF9C1D6AEE03008E0FDB /* UIBezierPath+ZJText.m in Sources */,
				AB0B02D41D682F2C004B0F80 /* ViewController.m in Sources */,
				AB0B03081D6831B8004B0F80 /* ZFAVAudioManager.m in Sources */,
				AB0B02D11D682F2C004B0F80 /* AppDelegate.m in Sources */,
				AB0B02CE1D682F2C004B0F80 /* main.m in Sources */,
				3C72EF991D6AED10008E0FDB /* DrawText.m in Sources */,
			);
			runOnlyForDeploymentPostprocessing = 0;
		};
		AB0B02DE1D682F2C004B0F80 /* Sources */ = {
			isa = PBXSourcesBuildPhase;
			buildActionMask = 2147483647;
			files = (
				AB0B02E71D682F2C004B0F80 /* BirthdayProjectTests.m in Sources */,
			);
			runOnlyForDeploymentPostprocessing = 0;
		};
		AB0B02E91D682F2C004B0F80 /* Sources */ = {
			isa = PBXSourcesBuildPhase;
			buildActionMask = 2147483647;
			files = (
				AB0B02F21D682F2C004B0F80 /* BirthdayProjectUITests.m in Sources */,
			);
			runOnlyForDeploymentPostprocessing = 0;
		};
/* End PBXSourcesBuildPhase section */

/* Begin PBXTargetDependency section */
		AB0B02E41D682F2C004B0F80 /* PBXTargetDependency */ = {
			isa = PBXTargetDependency;
			target = AB0B02C81D682F2C004B0F80 /* BirthdayProject */;
			targetProxy = AB0B02E31D682F2C004B0F80 /* PBXContainerItemProxy */;
		};
		AB0B02EF1D682F2C004B0F80 /* PBXTargetDependency */ = {
			isa = PBXTargetDependency;
			target = AB0B02C81D682F2C004B0F80 /* BirthdayProject */;
			targetProxy = AB0B02EE1D682F2C004B0F80 /* PBXContainerItemProxy */;
		};
/* End PBXTargetDependency section */

/* Begin PBXVariantGroup section */
		AB0B02D51D682F2C004B0F80 /* Main.storyboard */ = {
			isa = PBXVariantGroup;
			children = (
				AB0B02D61D682F2C004B0F80 /* Base */,
			);
			name = Main.storyboard;
			sourceTree = "<group>";
		};
		AB0B02DA1D682F2C004B0F80 /* LaunchScreen.storyboard */ = {
			isa = PBXVariantGroup;
			children = (
				AB0B02DB1D682F2C004B0F80 /* Base */,
			);
			name = LaunchScreen.storyboard;
			sourceTree = "<group>";
		};
/* End PBXVariantGroup section */

/* Begin XCBuildConfiguration section */
		AB0B02F41D682F2C004B0F80 /* Debug */ = {
			isa = XCBuildConfiguration;
			buildSettings = {
				ALWAYS_SEARCH_USER_PATHS = NO;
				CLANG_ANALYZER_NONNULL = YES;
				CLANG_CXX_LANGUAGE_STANDARD = "gnu++0x";
				CLANG_CXX_LIBRARY = "libc++";
				CLANG_ENABLE_MODULES = YES;
				CLANG_ENABLE_OBJC_ARC = YES;
				CLANG_WARN_BOOL_CONVERSION = YES;
				CLANG_WARN_CONSTANT_CONVERSION = YES;
				CLANG_WARN_DIRECT_OBJC_ISA_USAGE = YES_ERROR;
				CLANG_WARN_EMPTY_BODY = YES;
				CLANG_WARN_ENUM_CONVERSION = YES;
				CLANG_WARN_INT_CONVERSION = YES;
				CLANG_WARN_OBJC_ROOT_CLASS = YES_ERROR;
				CLANG_WARN_UNREACHABLE_CODE = YES;
				CLANG_WARN__DUPLICATE_METHOD_MATCH = YES;
				"CODE_SIGN_IDENTITY[sdk=iphoneos*]" = "iPhone Developer";
				COPY_PHASE_STRIP = NO;
				DEBUG_INFORMATION_FORMAT = dwarf;
				ENABLE_STRICT_OBJC_MSGSEND = YES;
				ENABLE_TESTABILITY = YES;
				GCC_C_LANGUAGE_STANDARD = gnu99;
				GCC_DYNAMIC_NO_PIC = NO;
				GCC_NO_COMMON_BLOCKS = YES;
				GCC_OPTIMIZATION_LEVEL = 0;
				GCC_PREPROCESSOR_DEFINITIONS = (
					"DEBUG=1",
					"$(inherited)",
				);
				GCC_WARN_64_TO_32_BIT_CONVERSION = YES;
				GCC_WARN_ABOUT_RETURN_TYPE = YES_ERROR;
				GCC_WARN_UNDECLARED_SELECTOR = YES;
				GCC_WARN_UNINITIALIZED_AUTOS = YES_AGGRESSIVE;
				GCC_WARN_UNUSED_FUNCTION = YES;
				GCC_WARN_UNUSED_VARIABLE = YES;
				IPHONEOS_DEPLOYMENT_TARGET = 9.3;
				MTL_ENABLE_DEBUG_INFO = YES;
				ONLY_ACTIVE_ARCH = YES;
				SDKROOT = iphoneos;
				TARGETED_DEVICE_FAMILY = "1,2";
			};
			name = Debug;
		};
		AB0B02F51D682F2C004B0F80 /* Release */ = {
			isa = XCBuildConfiguration;
			buildSettings = {
				ALWAYS_SEARCH_USER_PATHS = NO;
				CLANG_ANALYZER_NONNULL = YES;
				CLANG_CXX_LANGUAGE_STANDARD = "gnu++0x";
				CLANG_CXX_LIBRARY = "libc++";
				CLANG_ENABLE_MODULES = YES;
				CLANG_ENABLE_OBJC_ARC = YES;
				CLANG_WARN_BOOL_CONVERSION = YES;
				CLANG_WARN_CONSTANT_CONVERSION = YES;
				CLANG_WARN_DIRECT_OBJC_ISA_USAGE = YES_ERROR;
				CLANG_WARN_EMPTY_BODY = YES;
				CLANG_WARN_ENUM_CONVERSION = YES;
				CLANG_WARN_INT_CONVERSION = YES;
				CLANG_WARN_OBJC_ROOT_CLASS = YES_ERROR;
				CLANG_WARN_UNREACHABLE_CODE = YES;
				CLANG_WARN__DUPLICATE_METHOD_MATCH = YES;
				"CODE_SIGN_IDENTITY[sdk=iphoneos*]" = "iPhone Developer";
				COPY_PHASE_STRIP = NO;
				DEBUG_INFORMATION_FORMAT = "dwarf-with-dsym";
				ENABLE_NS_ASSERTIONS = NO;
				ENABLE_STRICT_OBJC_MSGSEND = YES;
				GCC_C_LANGUAGE_STANDARD = gnu99;
				GCC_NO_COMMON_BLOCKS = YES;
				GCC_WARN_64_TO_32_BIT_CONVERSION = YES;
				GCC_WARN_ABOUT_RETURN_TYPE = YES_ERROR;
				GCC_WARN_UNDECLARED_SELECTOR = YES;
				GCC_WARN_UNINITIALIZED_AUTOS = YES_AGGRESSIVE;
				GCC_WARN_UNUSED_FUNCTION = YES;
				GCC_WARN_UNUSED_VARIABLE = YES;
				IPHONEOS_DEPLOYMENT_TARGET = 9.3;
				MTL_ENABLE_DEBUG_INFO = NO;
				SDKROOT = iphoneos;
				TARGETED_DEVICE_FAMILY = "1,2";
				VALIDATE_PRODUCT = YES;
			};
			name = Release;
		};
		AB0B02F71D682F2C004B0F80 /* Debug */ = {
			isa = XCBuildConfiguration;
			baseConfigurationReference = 093E5B7B1CDA33D2D9EC1323 /* Pods-BirthdayProject.debug.xcconfig */;
			buildSettings = {
				ASSETCATALOG_COMPILER_APPICON_NAME = AppIcon;
				INFOPLIST_FILE = BirthdayProject/Info.plist;
				IPHONEOS_DEPLOYMENT_TARGET = 8.2;
				LD_RUNPATH_SEARCH_PATHS = "$(inherited) @executable_path/Frameworks";
				PRODUCT_BUNDLE_IDENTIFIER = com.Transfer.girl;
				PRODUCT_NAME = "$(TARGET_NAME)";
			};
			name = Debug;
		};
		AB0B02F81D682F2C004B0F80 /* Release */ = {
			isa = XCBuildConfiguration;
			baseConfigurationReference = D78BFD36A83AD5930B8FB979 /* Pods-BirthdayProject.release.xcconfig */;
			buildSettings = {
				ASSETCATALOG_COMPILER_APPICON_NAME = AppIcon;
				INFOPLIST_FILE = BirthdayProject/Info.plist;
				IPHONEOS_DEPLOYMENT_TARGET = 8.2;
				LD_RUNPATH_SEARCH_PATHS = "$(inherited) @executable_path/Frameworks";
				PRODUCT_BUNDLE_IDENTIFIER = com.Transfer.girl;
				PRODUCT_NAME = "$(TARGET_NAME)";
			};
			name = Release;
		};
		AB0B02FA1D682F2C004B0F80 /* Debug */ = {
			isa = XCBuildConfiguration;
			baseConfigurationReference = 06DBF477572DB5BE86E02E2A /* Pods-BirthdayProjectTests.debug.xcconfig */;
			buildSettings = {
				BUNDLE_LOADER = "$(TEST_HOST)";
				INFOPLIST_FILE = BirthdayProjectTests/Info.plist;
				LD_RUNPATH_SEARCH_PATHS = "$(inherited) @executable_path/Frameworks @loader_path/Frameworks";
				PRODUCT_BUNDLE_IDENTIFIER = com.zf.BirthdayProjectTests;
				PRODUCT_NAME = "$(TARGET_NAME)";
				TEST_HOST = "$(BUILT_PRODUCTS_DIR)/BirthdayProject.app/BirthdayProject";
			};
			name = Debug;
		};
		AB0B02FB1D682F2C004B0F80 /* Release */ = {
			isa = XCBuildConfiguration;
			baseConfigurationReference = 284E8529D0088A455F079AD6 /* Pods-BirthdayProjectTests.release.xcconfig */;
			buildSettings = {
				BUNDLE_LOADER = "$(TEST_HOST)";
				INFOPLIST_FILE = BirthdayProjectTests/Info.plist;
				LD_RUNPATH_SEARCH_PATHS = "$(inherited) @executable_path/Frameworks @loader_path/Frameworks";
				PRODUCT_BUNDLE_IDENTIFIER = com.zf.BirthdayProjectTests;
				PRODUCT_NAME = "$(TARGET_NAME)";
				TEST_HOST = "$(BUILT_PRODUCTS_DIR)/BirthdayProject.app/BirthdayProject";
			};
			name = Release;
		};
		AB0B02FD1D682F2C004B0F80 /* Debug */ = {
			isa = XCBuildConfiguration;
			baseConfigurationReference = D9112FA013A8A318450B11A2 /* Pods-BirthdayProjectUITests.debug.xcconfig */;
			buildSettings = {
				INFOPLIST_FILE = BirthdayProjectUITests/Info.plist;
				LD_RUNPATH_SEARCH_PATHS = "$(inherited) @executable_path/Frameworks @loader_path/Frameworks";
				PRODUCT_BUNDLE_IDENTIFIER = com.zf.BirthdayProjectUITests;
				PRODUCT_NAME = "$(TARGET_NAME)";
				TEST_TARGET_NAME = BirthdayProject;
			};
			name = Debug;
		};
		AB0B02FE1D682F2C004B0F80 /* Release */ = {
			isa = XCBuildConfiguration;
			baseConfigurationReference = B4DA22144E40CA69620E60B0 /* Pods-BirthdayProjectUITests.release.xcconfig */;
			buildSettings = {
				INFOPLIST_FILE = BirthdayProjectUITests/Info.plist;
				LD_RUNPATH_SEARCH_PATHS = "$(inherited) @executable_path/Frameworks @loader_path/Frameworks";
				PRODUCT_BUNDLE_IDENTIFIER = com.zf.BirthdayProjectUITests;
				PRODUCT_NAME = "$(TARGET_NAME)";
				TEST_TARGET_NAME = BirthdayProject;
			};
			name = Release;
		};
/* End XCBuildConfiguration section */

/* Begin XCConfigurationList section */
		AB0B02C41D682F2C004B0F80 /* Build configuration list for PBXProject "BirthdayProject" */ = {
			isa = XCConfigurationList;
			buildConfigurations = (
				AB0B02F41D682F2C004B0F80 /* Debug */,
				AB0B02F51D682F2C004B0F80 /* Release */,
			);
			defaultConfigurationIsVisible = 0;
			defaultConfigurationName = Release;
		};
		AB0B02F61D682F2C004B0F80 /* Build configuration list for PBXNativeTarget "BirthdayProject" */ = {
			isa = XCConfigurationList;
			buildConfigurations = (
				AB0B02F71D682F2C004B0F80 /* Debug */,
				AB0B02F81D682F2C004B0F80 /* Release */,
			);
			defaultConfigurationIsVisible = 0;
			defaultConfigurationName = Release;
		};
		AB0B02F91D682F2C004B0F80 /* Build configuration list for PBXNativeTarget "BirthdayProjectTests" */ = {
			isa = XCConfigurationList;
			buildConfigurations = (
				AB0B02FA1D682F2C004B0F80 /* Debug */,
				AB0B02FB1D682F2C004B0F80 /* Release */,
			);
			defaultConfigurationIsVisible = 0;
			defaultConfigurationName = Release;
		};
		AB0B02FC1D682F2C004B0F80 /* Build configuration list for PBXNativeTarget "BirthdayProjectUITests" */ = {
			isa = XCConfigurationList;
			buildConfigurations = (
				AB0B02FD1D682F2C004B0F80 /* Debug */,
				AB0B02FE1D682F2C004B0F80 /* Release */,
			);
			defaultConfigurationIsVisible = 0;
			defaultConfigurationName = Release;
		};
/* End XCConfigurationList section */
	};
	rootObject = AB0B02C11D682F2C004B0F80 /* Project object */;
}
